{
  "requires": true,
  "lockfileVersion": 1,
  "dependencies": {
    "@babel/runtime": {
      "version": "7.15.4",
      "resolved": "https://registry.npmjs.org/@babel/runtime/-/runtime-7.15.4.tgz",
      "integrity": "sha512-99catp6bHCaxr4sJ/DbTGgHS4+Rs2RVd2g7iOap6SLGPDknRK9ztKNsE/Fg6QhSeh1FGE5f6gHGQmvvn3I3xhw==",
      "requires": {
        "regenerator-runtime": "^0.13.4"
      }
    },
    "axios": {
      "version": "0.21.4",
      "resolved": "https://registry.npmjs.org/axios/-/axios-0.21.4.tgz",
      "integrity": "sha512-ut5vewkiu8jjGBdqpM44XxjuCjq9LAKeHVmoVfHVzy8eHgxxq8SbAVQNovDA8mVi05kP0Ea/n/UzcSHcTJQfNg==",
      "requires": {
        "follow-redirects": "^1.14.0"
      }
    },
    "balanced-match": {
      "version": "1.0.2",
      "resolved": "https://registry.npmjs.org/balanced-match/-/balanced-match-1.0.2.tgz",
      "integrity": "sha512-3oSeUO0TMV67hN1AmbXsK4yaqU7tjiHlbxRDZOpH0KW9+CeX4bRAaX0Anxt0tx2MrpRpWwQaPwIlISEJhYU5Pw=="
    },
    "brace-expansion": {
      "version": "1.1.11",
      "resolved": "https://registry.npmjs.org/brace-expansion/-/brace-expansion-1.1.11.tgz",
      "integrity": "sha512-iCuPHDFgrHX7H2vEI/5xpz07zSHB00TpugqhmYtVmMO6518mCuRMoOYFldEBl0g187ufozdaHgWKcYFb61qGiA==",
      "requires": {
        "balanced-match": "^1.0.0",
        "concat-map": "0.0.1"
      }
    },
    "concat-map": {
      "version": "0.0.1",
      "resolved": "https://registry.npmjs.org/concat-map/-/concat-map-0.0.1.tgz",
      "integrity": "sha1-2Klr13/Wjfd5OnMDajug1UBdR3s="
    },
    "dom-scroll-into-view": {
      "version": "1.0.1",
      "resolved": "https://registry.npmjs.org/dom-scroll-into-view/-/dom-scroll-into-view-1.0.1.tgz",
      "integrity": "sha1-Mqu5Lw2P7KYhUWKu9D5LRJq42Zw="
    },
    "follow-redirects": {
      "version": "1.14.4",
      "resolved": "https://registry.npmjs.org/follow-redirects/-/follow-redirects-1.14.4.tgz",
      "integrity": "sha512-zwGkiSXC1MUJG/qmeIFH2HBJx9u0V46QGUe3YR1fXG8bXQxq7fLj0RjLZQ5nubr9qNJUZrH+xUcwXEoXNpfS+g=="
    },
    "fs.realpath": {
      "version": "1.0.0",
      "resolved": "https://registry.npmjs.org/fs.realpath/-/fs.realpath-1.0.0.tgz",
      "integrity": "sha1-FQStJSMVjKpA20onh8sBQRmU6k8="
    },
    "glob": {
      "version": "7.2.0",
      "resolved": "https://registry.npmjs.org/glob/-/glob-7.2.0.tgz",
      "integrity": "sha512-lmLf6gtyrPq8tTjSmrO94wBeQbFR3HbLHbuyD69wuyQkImp2hWqMGB47OX65FBkPffO641IP9jWa1z4ivqG26Q==",
      "requires": {
        "fs.realpath": "^1.0.0",
        "inflight": "^1.0.4",
        "inherits": "2",
        "minimatch": "^3.0.4",
        "once": "^1.3.0",
        "path-is-absolute": "^1.0.0"
      }
    },
    "history": {
      "version": "4.10.1",
      "resolved": "https://registry.npmjs.org/history/-/history-4.10.1.tgz",
      "integrity": "sha512-36nwAD620w12kuzPAsyINPWJqlNbij+hpK1k9XRloDtym8mxzGYl2c17LnV6IAGB2Dmg4tEa7G7DlawS0+qjew==",
      "requires": {
        "@babel/runtime": "^7.1.2",
        "loose-envify": "^1.2.0",
        "resolve-pathname": "^3.0.0",
        "tiny-invariant": "^1.0.2",
        "tiny-warning": "^1.0.0",
        "value-equal": "^1.0.1"
      }
    },
    "hoist-non-react-statics": {
      "version": "3.3.2",
      "resolved": "https://registry.npmjs.org/hoist-non-react-statics/-/hoist-non-react-statics-3.3.2.tgz",
      "integrity": "sha512-/gGivxi8JPKWNm/W0jSmzcMPpfpPLc3dY/6GxhX2hQ9iGj3aDfklV4ET7NjKpSinLpJ5vafa9iiGIEZg10SfBw==",
      "requires": {
        "react-is": "^16.7.0"
      }
    },
    "inflight": {
      "version": "1.0.6",
      "resolved": "https://registry.npmjs.org/inflight/-/inflight-1.0.6.tgz",
      "integrity": "sha1-Sb1jMdfQLQwJvJEKEHW6gWW1bfk=",
      "requires": {
        "once": "^1.3.0",
        "wrappy": "1"
      }
    },
    "inherits": {
      "version": "2.0.4",
      "resolved": "https://registry.npmjs.org/inherits/-/inherits-2.0.4.tgz",
      "integrity": "sha512-k/vGaX4/Yla3WzyMCvTQOXYeIHvqOKtnqBduzTHpzpQZzAskKMhZ2K+EnBiSM9zGSoIFeMpXKxa4dYeZIQqewQ=="
    },
    "isarray": {
      "version": "0.0.1",
      "resolved": "https://registry.npmjs.org/isarray/-/isarray-0.0.1.tgz",
      "integrity": "sha1-ihis/Kmo9Bd+Cav8YDiTmwXR7t8="
    },
    "js-tokens": {
      "version": "4.0.0",
      "resolved": "https://registry.npmjs.org/js-tokens/-/js-tokens-4.0.0.tgz",
      "integrity": "sha512-RdJUflcE3cUzKiMqQgsCu06FPu9UdIJO0beYbPhHN4k6apgJtifcoCtT9bcxOpYBtpD2kCM6Sbzg4CausW/PKQ=="
    },
    "loose-envify": {
      "version": "1.4.0",
      "resolved": "https://registry.npmjs.org/loose-envify/-/loose-envify-1.4.0.tgz",
      "integrity": "sha512-lyuxPGr/Wfhrlem2CL/UcnUc1zcqKAImBDzukY7Y5F/yQiNdko6+fRLevlw1HgMySw7f611UIY408EtxRSoK3Q==",
      "requires": {
        "js-tokens": "^3.0.0 || ^4.0.0"
      }
    },
    "mini-create-react-context": {
      "version": "0.4.1",
      "resolved": "https://registry.npmjs.org/mini-create-react-context/-/mini-create-react-context-0.4.1.tgz",
      "integrity": "sha512-YWCYEmd5CQeHGSAKrYvXgmzzkrvssZcuuQDDeqkT+PziKGMgE+0MCCtcKbROzocGBG1meBLl2FotlRwf4gAzbQ==",
      "requires": {
        "@babel/runtime": "^7.12.1",
        "tiny-warning": "^1.0.3"
      }
    },
    "minimatch": {
      "version": "3.0.4",
      "resolved": "https://registry.npmjs.org/minimatch/-/minimatch-3.0.4.tgz",
      "integrity": "sha512-yJHVQEhyqPLUTgt9B83PXu6W3rx4MvvHvSUvToogpwoGDOUQ+yDrR0HRot+yOCdCO7u4hX3pWft6kWBBcqh0UA==",
      "requires": {
        "brace-expansion": "^1.1.7"
      }
    },
    "object-assign": {
      "version": "4.1.1",
      "resolved": "https://registry.npmjs.org/object-assign/-/object-assign-4.1.1.tgz",
      "integrity": "sha1-IQmtx5ZYh8/AXLvUQsrIv7s2CGM="
    },
    "once": {
      "version": "1.4.0",
      "resolved": "https://registry.npmjs.org/once/-/once-1.4.0.tgz",
      "integrity": "sha1-WDsap3WWHUsROsF9nFC6753Xa9E=",
      "requires": {
        "wrappy": "1"
      }
    },
    "path-is-absolute": {
      "version": "1.0.1",
      "resolved": "https://registry.npmjs.org/path-is-absolute/-/path-is-absolute-1.0.1.tgz",
      "integrity": "sha1-F0uSaHNVNP+8es5r9TpanhtcX18="
    },
    "path-to-regexp": {
      "version": "1.8.0",
      "resolved": "https://registry.npmjs.org/path-to-regexp/-/path-to-regexp-1.8.0.tgz",
      "integrity": "sha512-n43JRhlUKUAlibEJhPeir1ncUID16QnEjNpwzNdO3Lm4ywrBpBZ5oLD0I6br9evr1Y9JTqwRtAh7JLoOzAQdVA==",
      "requires": {
        "isarray": "0.0.1"
      }
    },
    "prop-types": {
      "version": "15.7.2",
      "resolved": "https://registry.npmjs.org/prop-types/-/prop-types-15.7.2.tgz",
      "integrity": "sha512-8QQikdH7//R2vurIJSutZ1smHYTcLpRWEOlHnzcWHmBYrOGUysKwSsrC89BCiFj3CbrfJ/nXFdJepOVrY1GCHQ==",
      "requires": {
        "loose-envify": "^1.4.0",
        "object-assign": "^4.1.1",
        "react-is": "^16.8.1"
      }
    },
    "react-autocomplete": {
      "version": "1.8.1",
      "resolved": "https://registry.npmjs.org/react-autocomplete/-/react-autocomplete-1.8.1.tgz",
      "integrity": "sha1-67vEAABqqRrVOLLRRye55+XQYxA=",
      "requires": {
        "dom-scroll-into-view": "1.0.1",
        "prop-types": "^15.5.10"
      }
    },
    "react-is": {
      "version": "16.13.1",
      "resolved": "https://registry.npmjs.org/react-is/-/react-is-16.13.1.tgz",
      "integrity": "sha512-24e6ynE2H+OKt4kqsOvNd8kBpV65zoxbA4BVsEOB3ARVWQki/DHzaUoC5KuON/BiccDaCCTZBuOcfZs70kR8bQ=="
    },
    "react-paypal-button-v2": {
      "version": "2.6.3",
      "resolved": "https://registry.npmjs.org/react-paypal-button-v2/-/react-paypal-button-v2-2.6.3.tgz",
      "integrity": "sha512-Kt0QxWjZn+RnIbbFPHDfH8iHwMqe/jG5+SkKElEJ0Fg+CM9yeK37y8zQW97l5C9P9D1yPacW5YNAnuxmI9uS9w==",
      "requires": {
        "prop-types": "^15.7.2",
        "rimraf": "^3.0.0"
      }
    },
    "react-router": {
      "version": "5.2.1",
      "resolved": "https://registry.npmjs.org/react-router/-/react-router-5.2.1.tgz",
      "integrity": "sha512-lIboRiOtDLFdg1VTemMwud9vRVuOCZmUIT/7lUoZiSpPODiiH1UQlfXy+vPLC/7IWdFYnhRwAyNqA/+I7wnvKQ==",
      "requires": {
        "@babel/runtime": "^7.12.13",
        "history": "^4.9.0",
        "hoist-non-react-statics": "^3.1.0",
        "loose-envify": "^1.3.1",
        "mini-create-react-context": "^0.4.0",
        "path-to-regexp": "^1.7.0",
        "prop-types": "^15.6.2",
        "react-is": "^16.6.0",
        "tiny-invariant": "^1.0.2",
        "tiny-warning": "^1.0.0"
      }
    },
    "react-router-bootstrap": {
      "version": "0.25.0",
      "resolved": "https://registry.npmjs.org/react-router-bootstrap/-/react-router-bootstrap-0.25.0.tgz",
      "integrity": "sha512-/22eqxjn6Zv5fvY2rZHn57SKmjmJfK7xzJ6/G1OgxAjLtKVfWgV5sn41W2yiqzbtV5eE4/i4LeDLBGYTqx7jbA==",
      "requires": {
        "prop-types": "^15.5.10"
      }
    },
    "react-router-dom": {
      "version": "5.3.0",
      "resolved": "https://registry.npmjs.org/react-router-dom/-/react-router-dom-5.3.0.tgz",
      "integrity": "sha512-ObVBLjUZsphUUMVycibxgMdh5jJ1e3o+KpAZBVeHcNQZ4W+uUGGWsokurzlF4YOldQYRQL4y6yFRWM4m3svmuQ==",
      "requires": {
        "@babel/runtime": "^7.12.13",
        "history": "^4.9.0",
        "loose-envify": "^1.3.1",
        "prop-types": "^15.6.2",
        "react-router": "5.2.1",
        "tiny-invariant": "^1.0.2",
        "tiny-warning": "^1.0.0"
      }
    },
    "regenerator-runtime": {
      "version": "0.13.9",
      "resolved": "https://registry.npmjs.org/regenerator-runtime/-/regenerator-runtime-0.13.9.tgz",
      "integrity": "sha512-p3VT+cOEgxFsRRA9X4lkI1E+k2/CtnKtU4gcxyaCUreilL/vqI6CdZ3wxVUx3UOUg+gnUOQQcRI7BmSI656MYA=="
    },
    "resolve-pathname": {
      "version": "3.0.0",
      "resolved": "https://registry.npmjs.org/resolve-pathname/-/resolve-pathname-3.0.0.tgz",
      "integrity": "sha512-C7rARubxI8bXFNB/hqcp/4iUeIXJhJZvFPFPiSPRnhU5UPxzMFIl+2E6yY6c4k9giDJAhtV+enfA+G89N6Csng=="
    },
    "rimraf": {
      "version": "3.0.2",
      "resolved": "https://registry.npmjs.org/rimraf/-/rimraf-3.0.2.tgz",
      "integrity": "sha512-JZkJMZkAGFFPP2YqXZXPbMlMBgsxzE8ILs4lMIX/2o0L9UBw9O/Y3o6wFw/i9YLapcUJWwqbi3kdxIPdC62TIA==",
      "requires": {
        "glob": "^7.1.3"
      }
    },
    "tiny-invariant": {
      "version": "1.1.0",
      "resolved": "https://registry.npmjs.org/tiny-invariant/-/tiny-invariant-1.1.0.tgz",
      "integrity": "sha512-ytxQvrb1cPc9WBEI/HSeYYoGD0kWnGEOR8RY6KomWLBVhqz0RgTwVO9dLrGz7dC+nN9llyI7OKAgRq8Vq4ZBSw=="
    },
    "tiny-warning": {
      "version": "1.0.3",
      "resolved": "https://registry.npmjs.org/tiny-warning/-/tiny-warning-1.0.3.tgz",
      "integrity": "sha512-lBN9zLN/oAf68o3zNXYrdCt1kP8WsiGW8Oo2ka41b2IM5JL/S1CTyX1rW0mb/zSuJun0ZUrDxx4sqvYS2FWzPA=="
    },
    "value-equal": {
      "version": "1.0.1",
      "resolved": "https://registry.npmjs.org/value-equal/-/value-equal-1.0.1.tgz",
      "integrity": "sha512-NOJ6JZCAWr0zlxZt+xqCHNTEKOsrks2HQd4MqhP1qy4z1SkbEP467eNx6TgDKXMvUOb+OENfJCZwM+16n7fRfw=="
    },
    "wrappy": {
      "version": "1.0.2",
      "resolved": "https://registry.npmjs.org/wrappy/-/wrappy-1.0.2.tgz",
      "integrity": "sha1-tSQ9jz7BqjXxNkYFvA0QNuMKtp8="
    }
  }
}
